
Microsoft Visual Studio Solution File, Format Version 12.00
# Visual Studio Version 17
VisualStudioVersion = 17.13.35913.81 d17.13
MinimumVisualStudioVersion = 10.0.40219.1
Project("{FAE04EC0-301F-11D3-BF4B-00C04F79EFBC}") = "Controle_Gastos", "Controle_Gastos\Controle_Gastos.csproj", "{8EE1E623-D01C-4905-892A-8E639E638470}"
EndProject
Global
	GlobalSection(SolutionConfigurationPlatforms) = preSolution
		Debug|Any CPU = Debug|Any CPU
		Release|Any CPU = Release|Any CPU
	EndGlobalSection
	GlobalSection(ProjectConfigurationPlatforms) = postSolution
		{8EE1E623-D01C-4905-892A-8E639E638470}.Debug|Any CPU.ActiveCfg = Debug|Any CPU
		{8EE1E623-D01C-4905-892A-8E639E638470}.Debug|Any CPU.Build.0 = Debug|Any CPU
		{8EE1E623-D01C-4905-892A-8E639E638470}.Release|Any CPU.ActiveCfg = Release|Any CPU
		{8EE1E623-D01C-4905-892A-8E639E638470}.Release|Any CPU.Build.0 = Release|Any CPU
	EndGlobalSection
	GlobalSection(SolutionProperties) = preSolution
		HideSolutionNode = FALSE
	EndGlobalSection
	GlobalSection(ExtensibilityGlobals) = postSolution
		SolutionGuid = {BB274D5B-BA32-447B-8EF8-63CE084A5D31}
	EndGlobalSection
EndGlobal
